PODS:
  - Alamofire (2.0.1)
  - JWTDecode (1.0.0)
  - Regex (0.2.1)
  - SwiftyJSON (2.2.1)

DEPENDENCIES:
  - Alamofire (from `https://github.com/Alamofire/Alamofire.git`, branch `master`)
  - JWTDecode (~> 1.0)
  - Regex (~> 0.2.1)
  - SwiftyJSON (>= 2.2.1)

EXTERNAL SOURCES:
  Alamofire:
    :branch: master
    :git: https://github.com/Alamofire/Alamofire.git

CHECKOUT OPTIONS:
  Alamofire:
    :commit: 88371ffcf8c325decfb414a4a8fb993c38aacbbd
    :git: https://github.com/Alamofire/Alamofire.git

SPEC CHECKSUMS:
  Alamofire: 1d8e208d616fbbfd2391b15eae766d07c96cdc49
  JWTDecode: d172edcb1607cc15aed85d58eceedcbb675a4534
  Regex: 14d9745c19442ccdf920234e50d463ba659f58c4
  SwiftyJSON: ae2d0a3d68025d136602a33c4ee215091ced3e33

COCOAPODS: 0.38.2
