PODS:
  - Alamofire (1.3.1)
  - HockeySDK (3.7.1):
    - HockeySDK/AllFeaturesLib (= 3.7.1)
  - HockeySDK/AllFeaturesLib (3.7.1)
  - Regex (0.2.1)
  - SwiftyJSON (2.2.1)

DEPENDENCIES:
  - Alamofire (~> 1.3.1)
  - HockeySDK (~> 3.7.1)
  - Regex (~> 0.2.1)
  - SwiftyJSON (>= 2.2)

SPEC CHECKSUMS:
  Alamofire: e4ab637e3195b645c814b87a652373439e59f2a4
  HockeySDK: 77bb90b6484a3b742ccf32bcae247c0a0051a962
  Regex: 14d9745c19442ccdf920234e50d463ba659f58c4
  SwiftyJSON: ae2d0a3d68025d136602a33c4ee215091ced3e33

COCOAPODS: 0.38.2
